
Microsoft Visual Studio Solution File, Format Version 12.00
# Visual Studio 15
VisualStudioVersion = 15.0.28010.2016
MinimumVisualStudioVersion = 10.0.40219.1
Project("{FAE04EC0-301F-11D3-BF4B-00C04F79EFBC}") = "ListViewTest", "ListViewTest\ListViewTest\ListViewTest.csproj", "{5AB498C4-15DB-43EC-A103-F4566DAD914B}"
EndProject
Project("{FAE04EC0-301F-11D3-BF4B-00C04F79EFBC}") = "ListViewTest.Android", "ListViewTest\ListViewTest.Android\ListViewTest.Android.csproj", "{E2023EA6-DAF0-4EF8-926A-31F53EF54F2C}"
EndProject
Project("{FAE04EC0-301F-11D3-BF4B-00C04F79EFBC}") = "ListViewTest.iOS", "ListViewTest\ListViewTest.iOS\ListViewTest.iOS.csproj", "{D94DA882-97DC-4A7B-9E52-D791A3867B50}"
EndProject
Project("{FAE04EC0-301F-11D3-BF4B-00C04F79EFBC}") = "ListViewTest.UWP", "ListViewTest\ListViewTest.UWP\ListViewTest.UWP.csproj", "{4714162E-F91D-4A7A-8CC8-DF039D5D811B}"
EndProject
Global
	GlobalSection(SolutionConfigurationPlatforms) = preSolution
		Ad-Hoc|Any CPU = Ad-Hoc|Any CPU
		Ad-Hoc|ARM = Ad-Hoc|ARM
		Ad-Hoc|iPhone = Ad-Hoc|iPhone
		Ad-Hoc|iPhoneSimulator = Ad-Hoc|iPhoneSimulator
		Ad-Hoc|x64 = Ad-Hoc|x64
		Ad-Hoc|x86 = Ad-Hoc|x86
		AppStore|Any CPU = AppStore|Any CPU
		AppStore|ARM = AppStore|ARM
		AppStore|iPhone = AppStore|iPhone
		AppStore|iPhoneSimulator = AppStore|iPhoneSimulator
		AppStore|x64 = AppStore|x64
		AppStore|x86 = AppStore|x86
		Debug|Any CPU = Debug|Any CPU
		Debug|ARM = Debug|ARM
		Debug|iPhone = Debug|iPhone
		Debug|iPhoneSimulator = Debug|iPhoneSimulator
		Debug|x64 = Debug|x64
		Debug|x86 = Debug|x86
		Release|Any CPU = Release|Any CPU
		Release|ARM = Release|ARM
		Release|iPhone = Release|iPhone
		Release|iPhoneSimulator = Release|iPhoneSimulator
		Release|x64 = Release|x64
		Release|x86 = Release|x86
	EndGlobalSection
	GlobalSection(ProjectConfigurationPlatforms) = postSolution
		{5AB498C4-15DB-43EC-A103-F4566DAD914B}.Ad-Hoc|Any CPU.ActiveCfg = Debug|Any CPU
		{5AB498C4-15DB-43EC-A103-F4566DAD914B}.Ad-Hoc|Any CPU.Build.0 = Debug|Any CPU
		{5AB498C4-15DB-43EC-A103-F4566DAD914B}.Ad-Hoc|ARM.ActiveCfg = Debug|Any CPU
		{5AB498C4-15DB-43EC-A103-F4566DAD914B}.Ad-Hoc|ARM.Build.0 = Debug|Any CPU
		{5AB498C4-15DB-43EC-A103-F4566DAD914B}.Ad-Hoc|iPhone.ActiveCfg = Debug|Any CPU
		{5AB498C4-15DB-43EC-A103-F4566DAD914B}.Ad-Hoc|iPhone.Build.0 = Debug|Any CPU
		{5AB498C4-15DB-43EC-A103-F4566DAD914B}.Ad-Hoc|iPhoneSimulator.ActiveCfg = Debug|Any CPU
		{5AB498C4-15DB-43EC-A103-F4566DAD914B}.Ad-Hoc|iPhoneSimulator.Build.0 = Debug|Any CPU
		{5AB498C4-15DB-43EC-A103-F4566DAD914B}.Ad-Hoc|x64.ActiveCfg = Debug|Any CPU
		{5AB498C4-15DB-43EC-A103-F4566DAD914B}.Ad-Hoc|x64.Build.0 = Debug|Any CPU
		{5AB498C4-15DB-43EC-A103-F4566DAD914B}.Ad-Hoc|x86.ActiveCfg = Debug|Any CPU
		{5AB498C4-15DB-43EC-A103-F4566DAD914B}.Ad-Hoc|x86.Build.0 = Debug|Any CPU
		{5AB498C4-15DB-43EC-A103-F4566DAD914B}.AppStore|Any CPU.ActiveCfg = Debug|Any CPU
		{5AB498C4-15DB-43EC-A103-F4566DAD914B}.AppStore|Any CPU.Build.0 = Debug|Any CPU
		{5AB498C4-15DB-43EC-A103-F4566DAD914B}.AppStore|ARM.ActiveCfg = Debug|Any CPU
		{5AB498C4-15DB-43EC-A103-F4566DAD914B}.AppStore|ARM.Build.0 = Debug|Any CPU
		{5AB498C4-15DB-43EC-A103-F4566DAD914B}.AppStore|iPhone.ActiveCfg = Debug|Any CPU
		{5AB498C4-15DB-43EC-A103-F4566DAD914B}.AppStore|iPhone.Build.0 = Debug|Any CPU
		{5AB498C4-15DB-43EC-A103-F4566DAD914B}.AppStore|iPhoneSimulator.ActiveCfg = Debug|Any CPU
		{5AB498C4-15DB-43EC-A103-F4566DAD914B}.AppStore|iPhoneSimulator.Build.0 = Debug|Any CPU
		{5AB498C4-15DB-43EC-A103-F4566DAD914B}.AppStore|x64.ActiveCfg = Debug|Any CPU
		{5AB498C4-15DB-43EC-A103-F4566DAD914B}.AppStore|x64.Build.0 = Debug|Any CPU
		{5AB498C4-15DB-43EC-A103-F4566DAD914B}.AppStore|x86.ActiveCfg = Debug|Any CPU
		{5AB498C4-15DB-43EC-A103-F4566DAD914B}.AppStore|x86.Build.0 = Debug|Any CPU
		{5AB498C4-15DB-43EC-A103-F4566DAD914B}.Debug|Any CPU.ActiveCfg = Debug|Any CPU
		{5AB498C4-15DB-43EC-A103-F4566DAD914B}.Debug|Any CPU.Build.0 = Debug|Any CPU
		{5AB498C4-15DB-43EC-A103-F4566DAD914B}.Debug|ARM.ActiveCfg = Debug|Any CPU
		{5AB498C4-15DB-43EC-A103-F4566DAD914B}.Debug|ARM.Build.0 = Debug|Any CPU
		{5AB498C4-15DB-43EC-A103-F4566DAD914B}.Debug|iPhone.ActiveCfg = Debug|Any CPU
		{5AB498C4-15DB-43EC-A103-F4566DAD914B}.Debug|iPhone.Build.0 = Debug|Any CPU
		{5AB498C4-15DB-43EC-A103-F4566DAD914B}.Debug|iPhoneSimulator.ActiveCfg = Debug|Any CPU
		{5AB498C4-15DB-43EC-A103-F4566DAD914B}.Debug|iPhoneSimulator.Build.0 = Debug|Any CPU
		{5AB498C4-15DB-43EC-A103-F4566DAD914B}.Debug|x64.ActiveCfg = Debug|Any CPU
		{5AB498C4-15DB-43EC-A103-F4566DAD914B}.Debug|x64.Build.0 = Debug|Any CPU
		{5AB498C4-15DB-43EC-A103-F4566DAD914B}.Debug|x86.ActiveCfg = Debug|Any CPU
		{5AB498C4-15DB-43EC-A103-F4566DAD914B}.Debug|x86.Build.0 = Debug|Any CPU
		{5AB498C4-15DB-43EC-A103-F4566DAD914B}.Release|Any CPU.ActiveCfg = Release|Any CPU
		{5AB498C4-15DB-43EC-A103-F4566DAD914B}.Release|Any CPU.Build.0 = Release|Any CPU
		{5AB498C4-15DB-43EC-A103-F4566DAD914B}.Release|ARM.ActiveCfg = Release|Any CPU
		{5AB498C4-15DB-43EC-A103-F4566DAD914B}.Release|ARM.Build.0 = Release|Any CPU
		{5AB498C4-15DB-43EC-A103-F4566DAD914B}.Release|iPhone.ActiveCfg = Release|Any CPU
		{5AB498C4-15DB-43EC-A103-F4566DAD914B}.Release|iPhone.Build.0 = Release|Any CPU
		{5AB498C4-15DB-43EC-A103-F4566DAD914B}.Release|iPhoneSimulator.ActiveCfg = Release|Any CPU
		{5AB498C4-15DB-43EC-A103-F4566DAD914B}.Release|iPhoneSimulator.Build.0 = Release|Any CPU
		{5AB498C4-15DB-43EC-A103-F4566DAD914B}.Release|x64.ActiveCfg = Release|Any CPU
		{5AB498C4-15DB-43EC-A103-F4566DAD914B}.Release|x64.Build.0 = Release|Any CPU
		{5AB498C4-15DB-43EC-A103-F4566DAD914B}.Release|x86.ActiveCfg = Release|Any CPU
		{5AB498C4-15DB-43EC-A103-F4566DAD914B}.Release|x86.Build.0 = Release|Any CPU
		{E2023EA6-DAF0-4EF8-926A-31F53EF54F2C}.Ad-Hoc|Any CPU.ActiveCfg = Release|Any CPU
		{E2023EA6-DAF0-4EF8-926A-31F53EF54F2C}.Ad-Hoc|Any CPU.Build.0 = Release|Any CPU
		{E2023EA6-DAF0-4EF8-926A-31F53EF54F2C}.Ad-Hoc|Any CPU.Deploy.0 = Release|Any CPU
		{E2023EA6-DAF0-4EF8-926A-31F53EF54F2C}.Ad-Hoc|ARM.ActiveCfg = Release|Any CPU
		{E2023EA6-DAF0-4EF8-926A-31F53EF54F2C}.Ad-Hoc|ARM.Build.0 = Release|Any CPU
		{E2023EA6-DAF0-4EF8-926A-31F53EF54F2C}.Ad-Hoc|ARM.Deploy.0 = Release|Any CPU
		{E2023EA6-DAF0-4EF8-926A-31F53EF54F2C}.Ad-Hoc|iPhone.ActiveCfg = Release|Any CPU
		{E2023EA6-DAF0-4EF8-926A-31F53EF54F2C}.Ad-Hoc|iPhone.Build.0 = Release|Any CPU
		{E2023EA6-DAF0-4EF8-926A-31F53EF54F2C}.Ad-Hoc|iPhone.Deploy.0 = Release|Any CPU
		{E2023EA6-DAF0-4EF8-926A-31F53EF54F2C}.Ad-Hoc|iPhoneSimulator.ActiveCfg = Release|Any CPU
		{E2023EA6-DAF0-4EF8-926A-31F53EF54F2C}.Ad-Hoc|iPhoneSimulator.Build.0 = Release|Any CPU
		{E2023EA6-DAF0-4EF8-926A-31F53EF54F2C}.Ad-Hoc|iPhoneSimulator.Deploy.0 = Release|Any CPU
		{E2023EA6-DAF0-4EF8-926A-31F53EF54F2C}.Ad-Hoc|x64.ActiveCfg = Release|Any CPU
		{E2023EA6-DAF0-4EF8-926A-31F53EF54F2C}.Ad-Hoc|x64.Build.0 = Release|Any CPU
		{E2023EA6-DAF0-4EF8-926A-31F53EF54F2C}.Ad-Hoc|x64.Deploy.0 = Release|Any CPU
		{E2023EA6-DAF0-4EF8-926A-31F53EF54F2C}.Ad-Hoc|x86.ActiveCfg = Release|Any CPU
		{E2023EA6-DAF0-4EF8-926A-31F53EF54F2C}.Ad-Hoc|x86.Build.0 = Release|Any CPU
		{E2023EA6-DAF0-4EF8-926A-31F53EF54F2C}.Ad-Hoc|x86.Deploy.0 = Release|Any CPU
		{E2023EA6-DAF0-4EF8-926A-31F53EF54F2C}.AppStore|Any CPU.ActiveCfg = Release|Any CPU
		{E2023EA6-DAF0-4EF8-926A-31F53EF54F2C}.AppStore|Any CPU.Build.0 = Release|Any CPU
		{E2023EA6-DAF0-4EF8-926A-31F53EF54F2C}.AppStore|Any CPU.Deploy.0 = Release|Any CPU
		{E2023EA6-DAF0-4EF8-926A-31F53EF54F2C}.AppStore|ARM.ActiveCfg = Release|Any CPU
		{E2023EA6-DAF0-4EF8-926A-31F53EF54F2C}.AppStore|ARM.Build.0 = Release|Any CPU
		{E2023EA6-DAF0-4EF8-926A-31F53EF54F2C}.AppStore|ARM.Deploy.0 = Release|Any CPU
		{E2023EA6-DAF0-4EF8-926A-31F53EF54F2C}.AppStore|iPhone.ActiveCfg = Release|Any CPU
		{E2023EA6-DAF0-4EF8-926A-31F53EF54F2C}.AppStore|iPhone.Build.0 = Release|Any CPU
		{E2023EA6-DAF0-4EF8-926A-31F53EF54F2C}.AppStore|iPhone.Deploy.0 = Release|Any CPU
		{E2023EA6-DAF0-4EF8-926A-31F53EF54F2C}.AppStore|iPhoneSimulator.ActiveCfg = Release|Any CPU
		{E2023EA6-DAF0-4EF8-926A-31F53EF54F2C}.AppStore|iPhoneSimulator.Build.0 = Release|Any CPU
		{E2023EA6-DAF0-4EF8-926A-31F53EF54F2C}.AppStore|iPhoneSimulator.Deploy.0 = Release|Any CPU
		{E2023EA6-DAF0-4EF8-926A-31F53EF54F2C}.AppStore|x64.ActiveCfg = Release|Any CPU
		{E2023EA6-DAF0-4EF8-926A-31F53EF54F2C}.AppStore|x64.Build.0 = Release|Any CPU
		{E2023EA6-DAF0-4EF8-926A-31F53EF54F2C}.AppStore|x64.Deploy.0 = Release|Any CPU
		{E2023EA6-DAF0-4EF8-926A-31F53EF54F2C}.AppStore|x86.ActiveCfg = Release|Any CPU
		{E2023EA6-DAF0-4EF8-926A-31F53EF54F2C}.AppStore|x86.Build.0 = Release|Any CPU
		{E2023EA6-DAF0-4EF8-926A-31F53EF54F2C}.AppStore|x86.Deploy.0 = Release|Any CPU
		{E2023EA6-DAF0-4EF8-926A-31F53EF54F2C}.Debug|Any CPU.ActiveCfg = Debug|Any CPU
		{E2023EA6-DAF0-4EF8-926A-31F53EF54F2C}.Debug|Any CPU.Build.0 = Debug|Any CPU
		{E2023EA6-DAF0-4EF8-926A-31F53EF54F2C}.Debug|Any CPU.Deploy.0 = Debug|Any CPU
		{E2023EA6-DAF0-4EF8-926A-31F53EF54F2C}.Debug|ARM.ActiveCfg = Debug|Any CPU
		{E2023EA6-DAF0-4EF8-926A-31F53EF54F2C}.Debug|ARM.Build.0 = Debug|Any CPU
		{E2023EA6-DAF0-4EF8-926A-31F53EF54F2C}.Debug|ARM.Deploy.0 = Debug|Any CPU
		{E2023EA6-DAF0-4EF8-926A-31F53EF54F2C}.Debug|iPhone.ActiveCfg = Debug|Any CPU
		{E2023EA6-DAF0-4EF8-926A-31F53EF54F2C}.Debug|iPhone.Build.0 = Debug|Any CPU
		{E2023EA6-DAF0-4EF8-926A-31F53EF54F2C}.Debug|iPhone.Deploy.0 = Debug|Any CPU
		{E2023EA6-DAF0-4EF8-926A-31F53EF54F2C}.Debug|iPhoneSimulator.ActiveCfg = Debug|Any CPU
		{E2023EA6-DAF0-4EF8-926A-31F53EF54F2C}.Debug|iPhoneSimulator.Build.0 = Debug|Any CPU
		{E2023EA6-DAF0-4EF8-926A-31F53EF54F2C}.Debug|iPhoneSimulator.Deploy.0 = Debug|Any CPU
		{E2023EA6-DAF0-4EF8-926A-31F53EF54F2C}.Debug|x64.ActiveCfg = Debug|Any CPU
		{E2023EA6-DAF0-4EF8-926A-31F53EF54F2C}.Debug|x64.Build.0 = Debug|Any CPU
		{E2023EA6-DAF0-4EF8-926A-31F53EF54F2C}.Debug|x64.Deploy.0 = Debug|Any CPU
		{E2023EA6-DAF0-4EF8-926A-31F53EF54F2C}.Debug|x86.ActiveCfg = Debug|Any CPU
		{E2023EA6-DAF0-4EF8-926A-31F53EF54F2C}.Debug|x86.Build.0 = Debug|Any CPU
		{E2023EA6-DAF0-4EF8-926A-31F53EF54F2C}.Debug|x86.Deploy.0 = Debug|Any CPU
		{E2023EA6-DAF0-4EF8-926A-31F53EF54F2C}.Release|Any CPU.ActiveCfg = Release|Any CPU
		{E2023EA6-DAF0-4EF8-926A-31F53EF54F2C}.Release|Any CPU.Build.0 = Release|Any CPU
		{E2023EA6-DAF0-4EF8-926A-31F53EF54F2C}.Release|Any CPU.Deploy.0 = Release|Any CPU
		{E2023EA6-DAF0-4EF8-926A-31F53EF54F2C}.Release|ARM.ActiveCfg = Release|Any CPU
		{E2023EA6-DAF0-4EF8-926A-31F53EF54F2C}.Release|ARM.Build.0 = Release|Any CPU
		{E2023EA6-DAF0-4EF8-926A-31F53EF54F2C}.Release|ARM.Deploy.0 = Release|Any CPU
		{E2023EA6-DAF0-4EF8-926A-31F53EF54F2C}.Release|iPhone.ActiveCfg = Release|Any CPU
		{E2023EA6-DAF0-4EF8-926A-31F53EF54F2C}.Release|iPhone.Build.0 = Release|Any CPU
		{E2023EA6-DAF0-4EF8-926A-31F53EF54F2C}.Release|iPhone.Deploy.0 = Release|Any CPU
		{E2023EA6-DAF0-4EF8-926A-31F53EF54F2C}.Release|iPhoneSimulator.ActiveCfg = Release|Any CPU
		{E2023EA6-DAF0-4EF8-926A-31F53EF54F2C}.Release|iPhoneSimulator.Build.0 = Release|Any CPU
		{E2023EA6-DAF0-4EF8-926A-31F53EF54F2C}.Release|iPhoneSimulator.Deploy.0 = Release|Any CPU
		{E2023EA6-DAF0-4EF8-926A-31F53EF54F2C}.Release|x64.ActiveCfg = Release|Any CPU
		{E2023EA6-DAF0-4EF8-926A-31F53EF54F2C}.Release|x64.Build.0 = Release|Any CPU
		{E2023EA6-DAF0-4EF8-926A-31F53EF54F2C}.Release|x64.Deploy.0 = Release|Any CPU
		{E2023EA6-DAF0-4EF8-926A-31F53EF54F2C}.Release|x86.ActiveCfg = Release|Any CPU
		{E2023EA6-DAF0-4EF8-926A-31F53EF54F2C}.Release|x86.Build.0 = Release|Any CPU
		{E2023EA6-DAF0-4EF8-926A-31F53EF54F2C}.Release|x86.Deploy.0 = Release|Any CPU
		{D94DA882-97DC-4A7B-9E52-D791A3867B50}.Ad-Hoc|Any CPU.ActiveCfg = Ad-Hoc|iPhone
		{D94DA882-97DC-4A7B-9E52-D791A3867B50}.Ad-Hoc|ARM.ActiveCfg = Ad-Hoc|iPhone
		{D94DA882-97DC-4A7B-9E52-D791A3867B50}.Ad-Hoc|iPhone.ActiveCfg = Ad-Hoc|iPhone
		{D94DA882-97DC-4A7B-9E52-D791A3867B50}.Ad-Hoc|iPhone.Build.0 = Ad-Hoc|iPhone
		{D94DA882-97DC-4A7B-9E52-D791A3867B50}.Ad-Hoc|iPhoneSimulator.ActiveCfg = Ad-Hoc|iPhoneSimulator
		{D94DA882-97DC-4A7B-9E52-D791A3867B50}.Ad-Hoc|iPhoneSimulator.Build.0 = Ad-Hoc|iPhoneSimulator
		{D94DA882-97DC-4A7B-9E52-D791A3867B50}.Ad-Hoc|x64.ActiveCfg = Ad-Hoc|iPhone
		{D94DA882-97DC-4A7B-9E52-D791A3867B50}.Ad-Hoc|x86.ActiveCfg = Ad-Hoc|iPhone
		{D94DA882-97DC-4A7B-9E52-D791A3867B50}.AppStore|Any CPU.ActiveCfg = AppStore|iPhone
		{D94DA882-97DC-4A7B-9E52-D791A3867B50}.AppStore|ARM.ActiveCfg = AppStore|iPhone
		{D94DA882-97DC-4A7B-9E52-D791A3867B50}.AppStore|iPhone.ActiveCfg = AppStore|iPhone
		{D94DA882-97DC-4A7B-9E52-D791A3867B50}.AppStore|iPhone.Build.0 = AppStore|iPhone
		{D94DA882-97DC-4A7B-9E52-D791A3867B50}.AppStore|iPhoneSimulator.ActiveCfg = AppStore|iPhoneSimulator
		{D94DA882-97DC-4A7B-9E52-D791A3867B50}.AppStore|iPhoneSimulator.Build.0 = AppStore|iPhoneSimulator
		{D94DA882-97DC-4A7B-9E52-D791A3867B50}.AppStore|x64.ActiveCfg = AppStore|iPhone
		{D94DA882-97DC-4A7B-9E52-D791A3867B50}.AppStore|x86.ActiveCfg = AppStore|iPhone
		{D94DA882-97DC-4A7B-9E52-D791A3867B50}.Debug|Any CPU.ActiveCfg = Debug|iPhone
		{D94DA882-97DC-4A7B-9E52-D791A3867B50}.Debug|ARM.ActiveCfg = Debug|iPhone
		{D94DA882-97DC-4A7B-9E52-D791A3867B50}.Debug|iPhone.ActiveCfg = Debug|iPhone
		{D94DA882-97DC-4A7B-9E52-D791A3867B50}.Debug|iPhone.Build.0 = Debug|iPhone
		{D94DA882-97DC-4A7B-9E52-D791A3867B50}.Debug|iPhoneSimulator.ActiveCfg = Debug|iPhoneSimulator
		{D94DA882-97DC-4A7B-9E52-D791A3867B50}.Debug|iPhoneSimulator.Build.0 = Debug|iPhoneSimulator
		{D94DA882-97DC-4A7B-9E52-D791A3867B50}.Debug|x64.ActiveCfg = Debug|iPhone
		{D94DA882-97DC-4A7B-9E52-D791A3867B50}.Debug|x86.ActiveCfg = Debug|iPhone
		{D94DA882-97DC-4A7B-9E52-D791A3867B50}.Release|Any CPU.ActiveCfg = Release|iPhone
		{D94DA882-97DC-4A7B-9E52-D791A3867B50}.Release|ARM.ActiveCfg = Release|iPhone
		{D94DA882-97DC-4A7B-9E52-D791A3867B50}.Release|iPhone.ActiveCfg = Release|iPhone
		{D94DA882-97DC-4A7B-9E52-D791A3867B50}.Release|iPhone.Build.0 = Release|iPhone
		{D94DA882-97DC-4A7B-9E52-D791A3867B50}.Release|iPhoneSimulator.ActiveCfg = Release|iPhoneSimulator
		{D94DA882-97DC-4A7B-9E52-D791A3867B50}.Release|iPhoneSimulator.Build.0 = Release|iPhoneSimulator
		{D94DA882-97DC-4A7B-9E52-D791A3867B50}.Release|x64.ActiveCfg = Release|iPhone
		{D94DA882-97DC-4A7B-9E52-D791A3867B50}.Release|x86.ActiveCfg = Release|iPhone
		{4714162E-F91D-4A7A-8CC8-DF039D5D811B}.Ad-Hoc|Any CPU.ActiveCfg = Release|x86
		{4714162E-F91D-4A7A-8CC8-DF039D5D811B}.Ad-Hoc|Any CPU.Build.0 = Release|x86
		{4714162E-F91D-4A7A-8CC8-DF039D5D811B}.Ad-Hoc|Any CPU.Deploy.0 = Release|x86
		{4714162E-F91D-4A7A-8CC8-DF039D5D811B}.Ad-Hoc|ARM.ActiveCfg = Release|ARM
		{4714162E-F91D-4A7A-8CC8-DF039D5D811B}.Ad-Hoc|ARM.Build.0 = Release|ARM
		{4714162E-F91D-4A7A-8CC8-DF039D5D811B}.Ad-Hoc|ARM.Deploy.0 = Release|ARM
		{4714162E-F91D-4A7A-8CC8-DF039D5D811B}.Ad-Hoc|iPhone.ActiveCfg = Release|x86
		{4714162E-F91D-4A7A-8CC8-DF039D5D811B}.Ad-Hoc|iPhone.Build.0 = Release|x86
		{4714162E-F91D-4A7A-8CC8-DF039D5D811B}.Ad-Hoc|iPhone.Deploy.0 = Release|x86
		{4714162E-F91D-4A7A-8CC8-DF039D5D811B}.Ad-Hoc|iPhoneSimulator.ActiveCfg = Release|x86
		{4714162E-F91D-4A7A-8CC8-DF039D5D811B}.Ad-Hoc|iPhoneSimulator.Build.0 = Release|x86
		{4714162E-F91D-4A7A-8CC8-DF039D5D811B}.Ad-Hoc|iPhoneSimulator.Deploy.0 = Release|x86
		{4714162E-F91D-4A7A-8CC8-DF039D5D811B}.Ad-Hoc|x64.ActiveCfg = Release|x64
		{4714162E-F91D-4A7A-8CC8-DF039D5D811B}.Ad-Hoc|x64.Build.0 = Release|x64
		{4714162E-F91D-4A7A-8CC8-DF039D5D811B}.Ad-Hoc|x64.Deploy.0 = Release|x64
		{4714162E-F91D-4A7A-8CC8-DF039D5D811B}.Ad-Hoc|x86.ActiveCfg = Release|x86
		{4714162E-F91D-4A7A-8CC8-DF039D5D811B}.Ad-Hoc|x86.Build.0 = Release|x86
		{4714162E-F91D-4A7A-8CC8-DF039D5D811B}.Ad-Hoc|x86.Deploy.0 = Release|x86
		{4714162E-F91D-4A7A-8CC8-DF039D5D811B}.AppStore|Any CPU.ActiveCfg = Release|x86
		{4714162E-F91D-4A7A-8CC8-DF039D5D811B}.AppStore|Any CPU.Build.0 = Release|x86
		{4714162E-F91D-4A7A-8CC8-DF039D5D811B}.AppStore|Any CPU.Deploy.0 = Release|x86
		{4714162E-F91D-4A7A-8CC8-DF039D5D811B}.AppStore|ARM.ActiveCfg = Release|ARM
		{4714162E-F91D-4A7A-8CC8-DF039D5D811B}.AppStore|ARM.Build.0 = Release|ARM
		{4714162E-F91D-4A7A-8CC8-DF039D5D811B}.AppStore|ARM.Deploy.0 = Release|ARM
		{4714162E-F91D-4A7A-8CC8-DF039D5D811B}.AppStore|iPhone.ActiveCfg = Release|x86
		{4714162E-F91D-4A7A-8CC8-DF039D5D811B}.AppStore|iPhone.Build.0 = Release|x86
		{4714162E-F91D-4A7A-8CC8-DF039D5D811B}.AppStore|iPhone.Deploy.0 = Release|x86
		{4714162E-F91D-4A7A-8CC8-DF039D5D811B}.AppStore|iPhoneSimulator.ActiveCfg = Release|x86
		{4714162E-F91D-4A7A-8CC8-DF039D5D811B}.AppStore|iPhoneSimulator.Build.0 = Release|x86
		{4714162E-F91D-4A7A-8CC8-DF039D5D811B}.AppStore|iPhoneSimulator.Deploy.0 = Release|x86
		{4714162E-F91D-4A7A-8CC8-DF039D5D811B}.AppStore|x64.ActiveCfg = Release|x64
		{4714162E-F91D-4A7A-8CC8-DF039D5D811B}.AppStore|x64.Build.0 = Release|x64
		{4714162E-F91D-4A7A-8CC8-DF039D5D811B}.AppStore|x64.Deploy.0 = Release|x64
		{4714162E-F91D-4A7A-8CC8-DF039D5D811B}.AppStore|x86.ActiveCfg = Release|x86
		{4714162E-F91D-4A7A-8CC8-DF039D5D811B}.AppStore|x86.Build.0 = Release|x86
		{4714162E-F91D-4A7A-8CC8-DF039D5D811B}.AppStore|x86.Deploy.0 = Release|x86
		{4714162E-F91D-4A7A-8CC8-DF039D5D811B}.Debug|Any CPU.ActiveCfg = Debug|x86
		{4714162E-F91D-4A7A-8CC8-DF039D5D811B}.Debug|ARM.ActiveCfg = Debug|ARM
		{4714162E-F91D-4A7A-8CC8-DF039D5D811B}.Debug|ARM.Build.0 = Debug|ARM
		{4714162E-F91D-4A7A-8CC8-DF039D5D811B}.Debug|ARM.Deploy.0 = Debug|ARM
		{4714162E-F91D-4A7A-8CC8-DF039D5D811B}.Debug|iPhone.ActiveCfg = Debug|x86
		{4714162E-F91D-4A7A-8CC8-DF039D5D811B}.Debug|iPhoneSimulator.ActiveCfg = Debug|x86
		{4714162E-F91D-4A7A-8CC8-DF039D5D811B}.Debug|x64.ActiveCfg = Debug|x64
		{4714162E-F91D-4A7A-8CC8-DF039D5D811B}.Debug|x64.Build.0 = Debug|x64
		{4714162E-F91D-4A7A-8CC8-DF039D5D811B}.Debug|x64.Deploy.0 = Debug|x64
		{4714162E-F91D-4A7A-8CC8-DF039D5D811B}.Debug|x86.ActiveCfg = Debug|x86
		{4714162E-F91D-4A7A-8CC8-DF039D5D811B}.Debug|x86.Build.0 = Debug|x86
		{4714162E-F91D-4A7A-8CC8-DF039D5D811B}.Debug|x86.Deploy.0 = Debug|x86
		{4714162E-F91D-4A7A-8CC8-DF039D5D811B}.Release|Any CPU.ActiveCfg = Release|x86
		{4714162E-F91D-4A7A-8CC8-DF039D5D811B}.Release|ARM.ActiveCfg = Release|ARM
		{4714162E-F91D-4A7A-8CC8-DF039D5D811B}.Release|ARM.Build.0 = Release|ARM
		{4714162E-F91D-4A7A-8CC8-DF039D5D811B}.Release|ARM.Deploy.0 = Release|ARM
		{4714162E-F91D-4A7A-8CC8-DF039D5D811B}.Release|iPhone.ActiveCfg = Release|x86
		{4714162E-F91D-4A7A-8CC8-DF039D5D811B}.Release|iPhoneSimulator.ActiveCfg = Release|x86
		{4714162E-F91D-4A7A-8CC8-DF039D5D811B}.Release|x64.ActiveCfg = Release|x64
		{4714162E-F91D-4A7A-8CC8-DF039D5D811B}.Release|x64.Build.0 = Release|x64
		{4714162E-F91D-4A7A-8CC8-DF039D5D811B}.Release|x64.Deploy.0 = Release|x64
		{4714162E-F91D-4A7A-8CC8-DF039D5D811B}.Release|x86.ActiveCfg = Release|x86
		{4714162E-F91D-4A7A-8CC8-DF039D5D811B}.Release|x86.Build.0 = Release|x86
		{4714162E-F91D-4A7A-8CC8-DF039D5D811B}.Release|x86.Deploy.0 = Release|x86
	EndGlobalSection
	GlobalSection(SolutionProperties) = preSolution
		HideSolutionNode = FALSE
	EndGlobalSection
	GlobalSection(ExtensibilityGlobals) = postSolution
		SolutionGuid = {6FCDECF8-3CC6-4C72-B2B2-E81425DAFB22}
	EndGlobalSection
EndGlobal
